// !$*UTF8*$!
{
	archiveVersion = 1;
	classes = {
	};
	objectVersion = 50;
	objects = {

/* Begin PBXBuildFile section */
		054245D422B731E9002C8886 /* AppDelegate.swift in Sources */ = {isa = PBXBuildFile; fileRef = 054245D322B731E9002C8886 /* AppDelegate.swift */; };
		054245D622B731E9002C8886 /* ViewController.swift in Sources */ = {isa = PBXBuildFile; fileRef = 054245D522B731E9002C8886 /* ViewController.swift */; };
		054245D922B731E9002C8886 /* Main.storyboard in Resources */ = {isa = PBXBuildFile; fileRef = 054245D722B731E9002C8886 /* Main.storyboard */; };
		054245DB22B731EA002C8886 /* Assets.xcassets in Resources */ = {isa = PBXBuildFile; fileRef = 054245DA22B731EA002C8886 /* Assets.xcassets */; };
		054245DE22B731EA002C8886 /* LaunchScreen.storyboard in Resources */ = {isa = PBXBuildFile; fileRef = 054245DC22B731EA002C8886 /* LaunchScreen.storyboard */; };
		054245E922B731EA002C8886 /* dice_xcuitest_demoUITests.swift in Sources */ = {isa = PBXBuildFile; fileRef = 054245E822B731EA002C8886 /* dice_xcuitest_demoUITests.swift */; };
		054245F422B736F0002C8886 /* LoginScreens.swift in Sources */ = {isa = PBXBuildFile; fileRef = 054245F322B736F0002C8886 /* LoginScreens.swift */; };
		054245F622B73B29002C8886 /* TestData.swift in Sources */ = {isa = PBXBuildFile; fileRef = 054245F522B73B29002C8886 /* TestData.swift */; };
/* End PBXBuildFile section */

/* Begin PBXContainerItemProxy section */
		054245E522B731EA002C8886 /* PBXContainerItemProxy */ = {
			isa = PBXContainerItemProxy;
			containerPortal = 054245C822B731E9002C8886 /* Project object */;
			proxyType = 1;
			remoteGlobalIDString = 054245CF22B731E9002C8886;
			remoteInfo = "dice-xcuitest-demo";
		};
/* End PBXContainerItemProxy section */

/* Begin PBXFileReference section */
		054245D022B731E9002C8886 /* dice-xcuitest-demo.app */ = {isa = PBXFileReference; explicitFileType = wrapper.application; includeInIndex = 0; path = "dice-xcuitest-demo.app"; sourceTree = BUILT_PRODUCTS_DIR; };
		054245D322B731E9002C8886 /* AppDelegate.swift */ = {isa = PBXFileReference; lastKnownFileType = sourcecode.swift; path = AppDelegate.swift; sourceTree = "<group>"; };
		054245D522B731E9002C8886 /* ViewController.swift */ = {isa = PBXFileReference; lastKnownFileType = sourcecode.swift; path = ViewController.swift; sourceTree = "<group>"; };
		054245D822B731E9002C8886 /* Base */ = {isa = PBXFileReference; lastKnownFileType = file.storyboard; name = Base; path = Base.lproj/Main.storyboard; sourceTree = "<group>"; };
		054245DA22B731EA002C8886 /* Assets.xcassets */ = {isa = PBXFileReference; lastKnownFileType = folder.assetcatalog; path = Assets.xcassets; sourceTree = "<group>"; };
		054245DD22B731EA002C8886 /* Base */ = {isa = PBXFileReference; lastKnownFileType = file.storyboard; name = Base; path = Base.lproj/LaunchScreen.storyboard; sourceTree = "<group>"; };
		054245DF22B731EA002C8886 /* Info.plist */ = {isa = PBXFileReference; lastKnownFileType = text.plist.xml; path = Info.plist; sourceTree = "<group>"; };
		054245E422B731EA002C8886 /* dice-xcuitest-demoUITests.xctest */ = {isa = PBXFileReference; explicitFileType = wrapper.cfbundle; includeInIndex = 0; path = "dice-xcuitest-demoUITests.xctest"; sourceTree = BUILT_PRODUCTS_DIR; };
		054245E822B731EA002C8886 /* dice_xcuitest_demoUITests.swift */ = {isa = PBXFileReference; lastKnownFileType = sourcecode.swift; path = dice_xcuitest_demoUITests.swift; sourceTree = "<group>"; };
		054245EA22B731EA002C8886 /* Info.plist */ = {isa = PBXFileReference; lastKnownFileType = text.plist.xml; path = Info.plist; sourceTree = "<group>"; };
		054245F322B736F0002C8886 /* LoginScreens.swift */ = {isa = PBXFileReference; lastKnownFileType = sourcecode.swift; path = LoginScreens.swift; sourceTree = "<group>"; };
		054245F522B73B29002C8886 /* TestData.swift */ = {isa = PBXFileReference; lastKnownFileType = sourcecode.swift; path = TestData.swift; sourceTree = "<group>"; };
/* End PBXFileReference section */

/* Begin PBXFrameworksBuildPhase section */
		054245CD22B731E9002C8886 /* Frameworks */ = {
			isa = PBXFrameworksBuildPhase;
			buildActionMask = 2147483647;
			files = (
			);
			runOnlyForDeploymentPostprocessing = 0;
		};
		054245E122B731EA002C8886 /* Frameworks */ = {
			isa = PBXFrameworksBuildPhase;
			buildActionMask = 2147483647;
			files = (
			);
			runOnlyForDeploymentPostprocessing = 0;
		};
/* End PBXFrameworksBuildPhase section */

/* Begin PBXGroup section */
		054245C722B731E9002C8886 = {
			isa = PBXGroup;
			children = (
				054245D222B731E9002C8886 /* dice-xcuitest-demo */,
				054245E722B731EA002C8886 /* dice-xcuitest-demoUITests */,
				054245D122B731E9002C8886 /* Products */,
			);
			sourceTree = "<group>";
		};
		054245D122B731E9002C8886 /* Products */ = {
			isa = PBXGroup;
			children = (
				054245D022B731E9002C8886 /* dice-xcuitest-demo.app */,
				054245E422B731EA002C8886 /* dice-xcuitest-demoUITests.xctest */,
			);
			name = Products;
			sourceTree = "<group>";
		};
		054245D222B731E9002C8886 /* dice-xcuitest-demo */ = {
			isa = PBXGroup;
			children = (
				054245D322B731E9002C8886 /* AppDelegate.swift */,
				054245D522B731E9002C8886 /* ViewController.swift */,
				054245D722B731E9002C8886 /* Main.storyboard */,
				054245DA22B731EA002C8886 /* Assets.xcassets */,
				054245DC22B731EA002C8886 /* LaunchScreen.storyboard */,
				054245DF22B731EA002C8886 /* Info.plist */,
			);
			path = "dice-xcuitest-demo";
			sourceTree = "<group>";
		};
		054245E722B731EA002C8886 /* dice-xcuitest-demoUITests */ = {
			isa = PBXGroup;
			children = (
				054245E822B731EA002C8886 /* dice_xcuitest_demoUITests.swift */,
				054245EA22B731EA002C8886 /* Info.plist */,
				054245F322B736F0002C8886 /* LoginScreens.swift */,
				054245F522B73B29002C8886 /* TestData.swift */,
			);
			path = "dice-xcuitest-demoUITests";
			sourceTree = "<group>";
		};
/* End PBXGroup section */

/* Begin PBXNativeTarget section */
		054245CF22B731E9002C8886 /* dice-xcuitest-demo */ = {
			isa = PBXNativeTarget;
			buildConfigurationList = 054245ED22B731EA002C8886 /* Build configuration list for PBXNativeTarget "dice-xcuitest-demo" */;
			buildPhases = (
				054245CC22B731E9002C8886 /* Sources */,
				054245CD22B731E9002C8886 /* Frameworks */,
				054245CE22B731E9002C8886 /* Resources */,
			);
			buildRules = (
			);
			dependencies = (
			);
			name = "dice-xcuitest-demo";
			productName = "dice-xcuitest-demo";
			productReference = 054245D022B731E9002C8886 /* dice-xcuitest-demo.app */;
			productType = "com.apple.product-type.application";
		};
		054245E322B731EA002C8886 /* dice-xcuitest-demoUITests */ = {
			isa = PBXNativeTarget;
			buildConfigurationList = 054245F022B731EA002C8886 /* Build configuration list for PBXNativeTarget "dice-xcuitest-demoUITests" */;
			buildPhases = (
				054245E022B731EA002C8886 /* Sources */,
				054245E122B731EA002C8886 /* Frameworks */,
				054245E222B731EA002C8886 /* Resources */,
			);
			buildRules = (
			);
			dependencies = (
				054245E622B731EA002C8886 /* PBXTargetDependency */,
			);
			name = "dice-xcuitest-demoUITests";
			productName = "dice-xcuitest-demoUITests";
			productReference = 054245E422B731EA002C8886 /* dice-xcuitest-demoUITests.xctest */;
			productType = "com.apple.product-type.bundle.ui-testing";
		};
/* End PBXNativeTarget section */

/* Begin PBXProject section */
		054245C822B731E9002C8886 /* Project object */ = {
			isa = PBXProject;
			attributes = {
				LastSwiftUpdateCheck = 1020;
				LastUpgradeCheck = 1020;
				ORGANIZATIONNAME = "Eugene Berezin";
				TargetAttributes = {
					054245CF22B731E9002C8886 = {
						CreatedOnToolsVersion = 10.2.1;
					};
					054245E322B731EA002C8886 = {
						CreatedOnToolsVersion = 10.2.1;
						TestTargetID = 054245CF22B731E9002C8886;
					};
				};
			};
			buildConfigurationList = 054245CB22B731E9002C8886 /* Build configuration list for PBXProject "dice-xcuitest-demo" */;
			compatibilityVersion = "Xcode 9.3";
			developmentRegion = en;
			hasScannedForEncodings = 0;
			knownRegions = (
				en,
				Base,
			);
			mainGroup = 054245C722B731E9002C8886;
			productRefGroup = 054245D122B731E9002C8886 /* Products */;
			projectDirPath = "";
			projectRoot = "";
			targets = (
				054245CF22B731E9002C8886 /* dice-xcuitest-demo */,
				054245E322B731EA002C8886 /* dice-xcuitest-demoUITests */,
			);
		};
/* End PBXProject section */

/* Begin PBXResourcesBuildPhase section */
		054245CE22B731E9002C8886 /* Resources */ = {
			isa = PBXResourcesBuildPhase;
			buildActionMask = 2147483647;
			files = (
				054245DE22B731EA002C8886 /* LaunchScreen.storyboard in Resources */,
				054245DB22B731EA002C8886 /* Assets.xcassets in Resources */,
				054245D922B731E9002C8886 /* Main.storyboard in Resources */,
			);
			runOnlyForDeploymentPostprocessing = 0;
		};
		054245E222B731EA002C8886 /* Resources */ = {
			isa = PBXResourcesBuildPhase;
			buildActionMask = 2147483647;
			files = (
			);
			runOnlyForDeploymentPostprocessing = 0;
		};
/* End PBXResourcesBuildPhase section */

/* Begin PBXSourcesBuildPhase section */
		054245CC22B731E9002C8886 /* Sources */ = {
			isa = PBXSourcesBuildPhase;
			buildActionMask = 2147483647;
			files = (
				054245D622B731E9002C8886 /* ViewController.swift in Sources */,
				054245D422B731E9002C8886 /* AppDelegate.swift in Sources */,
			);
			runOnlyForDeploymentPostprocessing = 0;
		};
		054245E022B731EA002C8886 /* Sources */ = {
			isa = PBXSourcesBuildPhase;
			buildActionMask = 2147483647;
			files = (
				054245F622B73B29002C8886 /* TestData.swift in Sources */,
				054245E922B731EA002C8886 /* dice_xcuitest_demoUITests.swift in Sources */,
				054245F422B736F0002C8886 /* LoginScreens.swift in Sources */,
			);
			runOnlyForDeploymentPostprocessing = 0;
		};
/* End PBXSourcesBuildPhase section */

/* Begin PBXTargetDependency section */
		054245E622B731EA002C8886 /* PBXTargetDependency */ = {
			isa = PBXTargetDependency;
			target = 054245CF22B731E9002C8886 /* dice-xcuitest-demo */;
			targetProxy = 054245E522B731EA002C8886 /* PBXContainerItemProxy */;
		};
/* End PBXTargetDependency section */

/* Begin PBXVariantGroup section */
		054245D722B731E9002C8886 /* Main.storyboard */ = {
			isa = PBXVariantGroup;
			children = (
				054245D822B731E9002C8886 /* Base */,
			);
			name = Main.storyboard;
			sourceTree = "<group>";
		};
		054245DC22B731EA002C8886 /* LaunchScreen.storyboard */ = {
			isa = PBXVariantGroup;
			children = (
				054245DD22B731EA002C8886 /* Base */,
			);
			name = LaunchScreen.storyboard;
			sourceTree = "<group>";
		};
/* End PBXVariantGroup section */

/* Begin XCBuildConfiguration section */
		054245EB22B731EA002C8886 /* Debug */ = {
			isa = XCBuildConfiguration;
			buildSettings = {
				ALWAYS_SEARCH_USER_PATHS = NO;
				CLANG_ANALYZER_NONNULL = YES;
				CLANG_ANALYZER_NUMBER_OBJECT_CONVERSION = YES_AGGRESSIVE;
				CLANG_CXX_LANGUAGE_STANDARD = "gnu++14";
				CLANG_CXX_LIBRARY = "libc++";
				CLANG_ENABLE_MODULES = YES;
				CLANG_ENABLE_OBJC_ARC = YES;
				CLANG_ENABLE_OBJC_WEAK = YES;
				CLANG_WARN_BLOCK_CAPTURE_AUTORELEASING = YES;
				CLANG_WARN_BOOL_CONVERSION = YES;
				CLANG_WARN_COMMA = YES;
				CLANG_WARN_CONSTANT_CONVERSION = YES;
				CLANG_WARN_DEPRECATED_OBJC_IMPLEMENTATIONS = YES;
				CLANG_WARN_DIRECT_OBJC_ISA_USAGE = YES_ERROR;
				CLANG_WARN_DOCUMENTATION_COMMENTS = YES;
				CLANG_WARN_EMPTY_BODY = YES;
				CLANG_WARN_ENUM_CONVERSION = YES;
				CLANG_WARN_INFINITE_RECURSION = YES;
				CLANG_WARN_INT_CONVERSION = YES;
				CLANG_WARN_NON_LITERAL_NULL_CONVERSION = YES;
				CLANG_WARN_OBJC_IMPLICIT_RETAIN_SELF = YES;
				CLANG_WARN_OBJC_LITERAL_CONVERSION = YES;
				CLANG_WARN_OBJC_ROOT_CLASS = YES_ERROR;
				CLANG_WARN_RANGE_LOOP_ANALYSIS = YES;
				CLANG_WARN_STRICT_PROTOTYPES = YES;
				CLANG_WARN_SUSPICIOUS_MOVE = YES;
				CLANG_WARN_UNGUARDED_AVAILABILITY = YES_AGGRESSIVE;
				CLANG_WARN_UNREACHABLE_CODE = YES;
				CLANG_WARN__DUPLICATE_METHOD_MATCH = YES;
				CODE_SIGN_IDENTITY = "iPhone Developer";
				COPY_PHASE_STRIP = NO;
				DEBUG_INFORMATION_FORMAT = dwarf;
				ENABLE_STRICT_OBJC_MSGSEND = YES;
				ENABLE_TESTABILITY = YES;
				GCC_C_LANGUAGE_STANDARD = gnu11;
				GCC_DYNAMIC_NO_PIC = NO;
				GCC_NO_COMMON_BLOCKS = YES;
				GCC_OPTIMIZATION_LEVEL = 0;
				GCC_PREPROCESSOR_DEFINITIONS = (
					"DEBUG=1",
					"$(inherited)",
				);
				GCC_WARN_64_TO_32_BIT_CONVERSION = YES;
				GCC_WARN_ABOUT_RETURN_TYPE = YES_ERROR;
				GCC_WARN_UNDECLARED_SELECTOR = YES;
				GCC_WARN_UNINITIALIZED_AUTOS = YES_AGGRESSIVE;
				GCC_WARN_UNUSED_FUNCTION = YES;
				GCC_WARN_UNUSED_VARIABLE = YES;
				IPHONEOS_DEPLOYMENT_TARGET = 12.2;
				MTL_ENABLE_DEBUG_INFO = INCLUDE_SOURCE;
				MTL_FAST_MATH = YES;
				ONLY_ACTIVE_ARCH = YES;
				SDKROOT = iphoneos;
				SWIFT_ACTIVE_COMPILATION_CONDITIONS = DEBUG;
				SWIFT_OPTIMIZATION_LEVEL = "-Onone";
			};
			name = Debug;
		};
		054245EC22B731EA002C8886 /* Release */ = {
			isa = XCBuildConfiguration;
			buildSettings = {
				ALWAYS_SEARCH_USER_PATHS = NO;
				CLANG_ANALYZER_NONNULL = YES;
				CLANG_ANALYZER_NUMBER_OBJECT_CONVERSION = YES_AGGRESSIVE;
				CLANG_CXX_LANGUAGE_STANDARD = "gnu++14";
				CLANG_CXX_LIBRARY = "libc++";
				CLANG_ENABLE_MODULES = YES;
				CLANG_ENABLE_OBJC_ARC = YES;
				CLANG_ENABLE_OBJC_WEAK = YES;
				CLANG_WARN_BLOCK_CAPTURE_AUTORELEASING = YES;
				CLANG_WARN_BOOL_CONVERSION = YES;
				CLANG_WARN_COMMA = YES;
				CLANG_WARN_CONSTANT_CONVERSION = YES;
				CLANG_WARN_DEPRECATED_OBJC_IMPLEMENTATIONS = YES;
				CLANG_WARN_DIRECT_OBJC_ISA_USAGE = YES_ERROR;
				CLANG_WARN_DOCUMENTATION_COMMENTS = YES;
				CLANG_WARN_EMPTY_BODY = YES;
				CLANG_WARN_ENUM_CONVERSION = YES;
				CLANG_WARN_INFINITE_RECURSION = YES;
				CLANG_WARN_INT_CONVERSION = YES;
				CLANG_WARN_NON_LITERAL_NULL_CONVERSION = YES;
				CLANG_WARN_OBJC_IMPLICIT_RETAIN_SELF = YES;
				CLANG_WARN_OBJC_LITERAL_CONVERSION = YES;
				CLANG_WARN_OBJC_ROOT_CLASS = YES_ERROR;
				CLANG_WARN_RANGE_LOOP_ANALYSIS = YES;
				CLANG_WARN_STRICT_PROTOTYPES = YES;
				CLANG_WARN_SUSPICIOUS_MOVE = YES;
				CLANG_WARN_UNGUARDED_AVAILABILITY = YES_AGGRESSIVE;
				CLANG_WARN_UNREACHABLE_CODE = YES;
				CLANG_WARN__DUPLICATE_METHOD_MATCH = YES;
				CODE_SIGN_IDENTITY = "iPhone Developer";
				COPY_PHASE_STRIP = NO;
				DEBUG_INFORMATION_FORMAT = "dwarf-with-dsym";
				ENABLE_NS_ASSERTIONS = NO;
				ENABLE_STRICT_OBJC_MSGSEND = YES;
				GCC_C_LANGUAGE_STANDARD = gnu11;
				GCC_NO_COMMON_BLOCKS = YES;
				GCC_WARN_64_TO_32_BIT_CONVERSION = YES;
				GCC_WARN_ABOUT_RETURN_TYPE = YES_ERROR;
				GCC_WARN_UNDECLARED_SELECTOR = YES;
				GCC_WARN_UNINITIALIZED_AUTOS = YES_AGGRESSIVE;
				GCC_WARN_UNUSED_FUNCTION = YES;
				GCC_WARN_UNUSED_VARIABLE = YES;
				IPHONEOS_DEPLOYMENT_TARGET = 12.2;
				MTL_ENABLE_DEBUG_INFO = NO;
				MTL_FAST_MATH = YES;
				SDKROOT = iphoneos;
				SWIFT_COMPILATION_MODE = wholemodule;
				SWIFT_OPTIMIZATION_LEVEL = "-O";
				VALIDATE_PRODUCT = YES;
			};
			name = Release;
		};
		054245EE22B731EA002C8886 /* Debug */ = {
			isa = XCBuildConfiguration;
			buildSettings = {
				ASSETCATALOG_COMPILER_APPICON_NAME = AppIcon;
				CODE_SIGN_STYLE = Automatic;
				DEVELOPMENT_TEAM = JGX8KL9J9F;
				INFOPLIST_FILE = "dice-xcuitest-demo/Info.plist";
				LD_RUNPATH_SEARCH_PATHS = (
					"$(inherited)",
					"@executable_path/Frameworks",
				);
				PRODUCT_BUNDLE_IDENTIFIER = "QA.dice-xcuitest-demo";
				PRODUCT_NAME = "$(TARGET_NAME)";
				SWIFT_VERSION = 5.0;
				TARGETED_DEVICE_FAMILY = "1,2";
			};
			name = Debug;
		};
		054245EF22B731EA002C8886 /* Release */ = {
			isa = XCBuildConfiguration;
			buildSettings = {
				ASSETCATALOG_COMPILER_APPICON_NAME = AppIcon;
				CODE_SIGN_STYLE = Automatic;
				DEVELOPMENT_TEAM = JGX8KL9J9F;
				INFOPLIST_FILE = "dice-xcuitest-demo/Info.plist";
				LD_RUNPATH_SEARCH_PATHS = (
					"$(inherited)",
					"@executable_path/Frameworks",
				);
				PRODUCT_BUNDLE_IDENTIFIER = "QA.dice-xcuitest-demo";
				PRODUCT_NAME = "$(TARGET_NAME)";
				SWIFT_VERSION = 5.0;
				TARGETED_DEVICE_FAMILY = "1,2";
			};
			name = Release;
		};
		054245F122B731EA002C8886 /* Debug */ = {
			isa = XCBuildConfiguration;
			buildSettings = {
				ALWAYS_EMBED_SWIFT_STANDARD_LIBRARIES = YES;
				CODE_SIGN_STYLE = Automatic;
				DEVELOPMENT_TEAM = JGX8KL9J9F;
				INFOPLIST_FILE = "dice-xcuitest-demoUITests/Info.plist";
				LD_RUNPATH_SEARCH_PATHS = (
					"$(inherited)",
					"@executable_path/Frameworks",
					"@loader_path/Frameworks",
				);
				PRODUCT_BUNDLE_IDENTIFIER = "QA.dice-xcuitest-demoUITests";
				PRODUCT_NAME = "$(TARGET_NAME)";
				SWIFT_VERSION = 5.0;
				TARGETED_DEVICE_FAMILY = "1,2";
				TEST_TARGET_NAME = "dice-xcuitest-demo";
			};
			name = Debug;
		};
		054245F222B731EA002C8886 /* Release */ = {
			isa = XCBuildConfiguration;
			buildSettings = {
				ALWAYS_EMBED_SWIFT_STANDARD_LIBRARIES = YES;
				CODE_SIGN_STYLE = Automatic;
				DEVELOPMENT_TEAM = JGX8KL9J9F;
				INFOPLIST_FILE = "dice-xcuitest-demoUITests/Info.plist";
				LD_RUNPATH_SEARCH_PATHS = (
					"$(inherited)",
					"@executable_path/Frameworks",
					"@loader_path/Frameworks",
				);
				PRODUCT_BUNDLE_IDENTIFIER = "QA.dice-xcuitest-demoUITests";
				PRODUCT_NAME = "$(TARGET_NAME)";
				SWIFT_VERSION = 5.0;
				TARGETED_DEVICE_FAMILY = "1,2";
				TEST_TARGET_NAME = "dice-xcuitest-demo";
			};
			name = Release;
		};
/* End XCBuildConfiguration section */

/* Begin XCConfigurationList section */
		054245CB22B731E9002C8886 /* Build configuration list for PBXProject "dice-xcuitest-demo" */ = {
			isa = XCConfigurationList;
			buildConfigurations = (
				054245EB22B731EA002C8886 /* Debug */,
				054245EC22B731EA002C8886 /* Release */,
			);
			defaultConfigurationIsVisible = 0;
			defaultConfigurationName = Release;
		};
		054245ED22B731EA002C8886 /* Build configuration list for PBXNativeTarget "dice-xcuitest-demo" */ = {
			isa = XCConfigurationList;
			buildConfigurations = (
				054245EE22B731EA002C8886 /* Debug */,
				054245EF22B731EA002C8886 /* Release */,
			);
			defaultConfigurationIsVisible = 0;
			defaultConfigurationName = Release;
		};
		054245F022B731EA002C8886 /* Build configuration list for PBXNativeTarget "dice-xcuitest-demoUITests" */ = {
			isa = XCConfigurationList;
			buildConfigurations = (
				054245F122B731EA002C8886 /* Debug */,
				054245F222B731EA002C8886 /* Release */,
			);
			defaultConfigurationIsVisible = 0;
			defaultConfigurationName = Release;
		};
/* End XCConfigurationList section */
	};
	rootObject = 054245C822B731E9002C8886 /* Project object */;
}
